{
  "nodes": {
    "emacs-overlay": {
      "inputs": {
        "nixpkgs": [
          "nixpkgs"
        ],
        "nixpkgs-stable": "nixpkgs-stable"
      },
      "locked": {
        "lastModified": 1731722901,
        "narHash": "sha256-M2DNmOBtwA8mFHsEsbCxfBhsR7ex6WLExs6azQI46t0=",
        "owner": "nix-community",
        "repo": "emacs-overlay",
        "rev": "6b6b7f2861316ed7157cd50ae76a69fe97af2956",
        "type": "github"
      },
      "original": {
        "owner": "nix-community",
        "repo": "emacs-overlay",
        "type": "github"
      }
    },
    "home-manager": {
      "inputs": {
        "nixpkgs": [
          "nixpkgs"
        ]
      },
      "locked": {
        "lastModified": 1726989464,
        "narHash": "sha256-Vl+WVTJwutXkimwGprnEtXc/s/s8sMuXzqXaspIGlwM=",
        "owner": "nix-community",
        "repo": "home-manager",
        "rev": "2f23fa308a7c067e52dfcc30a0758f47043ec176",
        "type": "github"
      },
      "original": {
        "owner": "nix-community",
        "ref": "release-24.05",
        "repo": "home-manager",
        "type": "github"
      }
    },
    "nixpkgs": {
      "locked": {
        "lastModified": 1731652201,
        "narHash": "sha256-XUO0JKP1hlww0d7mm3kpmIr4hhtR4zicg5Wwes9cPMg=",
        "owner": "nixos",
        "repo": "nixpkgs",
        "rev": "c21b77913ea840f8bcf9adf4c41cecc2abffd38d",
        "type": "github"
      },
      "original": {
        "owner": "nixos",
        "ref": "nixos-24.05",
        "repo": "nixpkgs",
        "type": "github"
      }
    },
    "nixpkgs-stable": {
      "locked": {
        "lastModified": 1731386116,
        "narHash": "sha256-lKA770aUmjPHdTaJWnP3yQ9OI1TigenUqVC3wweqZuI=",
        "owner": "NixOS",
        "repo": "nixpkgs",
        "rev": "689fed12a013f56d4c4d3f612489634267d86529",
        "type": "github"
      },
      "original": {
        "owner": "NixOS",
        "ref": "nixos-24.05",
        "repo": "nixpkgs",
        "type": "github"
      }
    },
    "root": {
      "inputs": {
        "emacs-overlay": "emacs-overlay",
        "home-manager": "home-manager",
        "nixpkgs": "nixpkgs"
      }
    }
  },
  "root": "root",
  "version": 7
}
